
Microsoft Visual Studio Solution File, Format Version 12.00
# Visual Studio 15
VisualStudioVersion = 15.0.27703.2042
MinimumVisualStudioVersion = 10.0.40219.1
Project("{FAE04EC0-301F-11D3-BF4B-00C04F79EFBC}") = "LBA_staff2019", "LBA_staff2019\LBA_staff2019.csproj", "{20584089-727D-465D-8282-A21ABB6BE8D2}"
EndProject
Global
	GlobalSection(SolutionConfigurationPlatforms) = preSolution
		Debug|Any CPU = Debug|Any CPU
		Release|Any CPU = Release|Any CPU
	EndGlobalSection
	GlobalSection(ProjectConfigurationPlatforms) = postSolution
		{20584089-727D-465D-8282-A21ABB6BE8D2}.Debug|Any CPU.ActiveCfg = Debug|Any CPU
		{20584089-727D-465D-8282-A21ABB6BE8D2}.Debug|Any CPU.Build.0 = Debug|Any CPU
		{20584089-727D-465D-8282-A21ABB6BE8D2}.Release|Any CPU.ActiveCfg = Release|Any CPU
		{20584089-727D-465D-8282-A21ABB6BE8D2}.Release|Any CPU.Build.0 = Release|Any CPU
	EndGlobalSection
	GlobalSection(SolutionProperties) = preSolution
		HideSolutionNode = FALSE
	EndGlobalSection
	GlobalSection(ExtensibilityGlobals) = postSolution
		SolutionGuid = {08DCA236-B4BE-4B8B-B097-11B760FFF982}
	EndGlobalSection
EndGlobal
