
Microsoft Visual Studio Solution File, Format Version 12.00
# Visual Studio 15
VisualStudioVersion = 15.0.28307.271
MinimumVisualStudioVersion = 10.0.40219.1
Project("{FAE04EC0-301F-11D3-BF4B-00C04F79EFBC}") = "RcktFuel", "RcktFuel\RcktFuel.csproj", "{61858B3F-8A05-4E37-8057-117D20668A7C}"
EndProject
Global
	GlobalSection(SolutionConfigurationPlatforms) = preSolution
		Debug|Any CPU = Debug|Any CPU
		Release|Any CPU = Release|Any CPU
	EndGlobalSection
	GlobalSection(ProjectConfigurationPlatforms) = postSolution
		{61858B3F-8A05-4E37-8057-117D20668A7C}.Debug|Any CPU.ActiveCfg = Debug|Any CPU
		{61858B3F-8A05-4E37-8057-117D20668A7C}.Debug|Any CPU.Build.0 = Debug|Any CPU
		{61858B3F-8A05-4E37-8057-117D20668A7C}.Release|Any CPU.ActiveCfg = Release|Any CPU
		{61858B3F-8A05-4E37-8057-117D20668A7C}.Release|Any CPU.Build.0 = Release|Any CPU
	EndGlobalSection
	GlobalSection(SolutionProperties) = preSolution
		HideSolutionNode = FALSE
	EndGlobalSection
	GlobalSection(ExtensibilityGlobals) = postSolution
		SolutionGuid = {019403BC-2413-4C98-ACF9-480BD7CEADD4}
	EndGlobalSection
EndGlobal
